
Microsoft Visual Studio Solution File, Format Version 12.00
# Visual Studio 15
VisualStudioVersion = 15.0.28307.852
MinimumVisualStudioVersion = 10.0.40219.1
Project("{FAE04EC0-301F-11D3-BF4B-00C04F79EFBC}") = "WebApp", "WebApp\WebApp.csproj", "{6B105A9C-897C-4CB8-9494-08FF929A302C}"
	ProjectSection(ProjectDependencies) = postProject
		{4D3E735D-B216-40FC-BED1-BEAA3A415EDD} = {4D3E735D-B216-40FC-BED1-BEAA3A415EDD}
		{DEFEB597-55F5-41B1-ACD2-F194C4AB98C6} = {DEFEB597-55F5-41B1-ACD2-F194C4AB98C6}
	EndProjectSection
EndProject
Project("{FAE04EC0-301F-11D3-BF4B-00C04F79EFBC}") = "BaseApp", "BaseApp\BaseApp.csproj", "{DEFEB597-55F5-41B1-ACD2-F194C4AB98C6}"
EndProject
Project("{FAE04EC0-301F-11D3-BF4B-00C04F79EFBC}") = "CMS", "CMS\CMS.csproj", "{4D3E735D-B216-40FC-BED1-BEAA3A415EDD}"
EndProject
Project("{FAE04EC0-301F-11D3-BF4B-00C04F79EFBC}") = "DMS", "DMS\DMS.csproj", "{2732965E-7C1D-4DBD-B8F9-B76B0DEC0CD9}"
EndProject
Project("{FAE04EC0-301F-11D3-BF4B-00C04F79EFBC}") = "CRM", "CRM\CRM.csproj", "{AC01E41C-D962-4FD3-AAE7-8EBB993F4181}"
EndProject
Project("{FAE04EC0-301F-11D3-BF4B-00C04F79EFBC}") = "Timesheet", "Timesheet\Timesheet.csproj", "{5C45299B-2854-4DAA-A12B-ED98E5697966}"
EndProject
Project("{FAE04EC0-301F-11D3-BF4B-00C04F79EFBC}") = "Ecommerce", "Ecommerce\Ecommerce.csproj", "{F01F1FD3-3F49-4416-B69A-A051FE65F754}"
EndProject
Project("{2150E333-8FDC-42A3-9474-1A3956D46DE8}") = "Solution Items", "Solution Items", "{13FACCBF-73A8-49A3-A7AD-F52F290E77BF}"
	ProjectSection(SolutionItems) = preProject
		WebEssentials2015-Settings.json = WebEssentials2015-Settings.json
	EndProjectSection
EndProject
Project("{FAE04EC0-301F-11D3-BF4B-00C04F79EFBC}") = "HRMS", "HRMS\HRMS.csproj", "{C91AD383-6632-4C06-991C-170614A2BD9C}"
EndProject
Global
	GlobalSection(SolutionConfigurationPlatforms) = preSolution
		Debug|Any CPU = Debug|Any CPU
		Release|Any CPU = Release|Any CPU
	EndGlobalSection
	GlobalSection(ProjectConfigurationPlatforms) = postSolution
		{6B105A9C-897C-4CB8-9494-08FF929A302C}.Debug|Any CPU.ActiveCfg = Debug|Any CPU
		{6B105A9C-897C-4CB8-9494-08FF929A302C}.Debug|Any CPU.Build.0 = Debug|Any CPU
		{6B105A9C-897C-4CB8-9494-08FF929A302C}.Release|Any CPU.ActiveCfg = Release|Any CPU
		{6B105A9C-897C-4CB8-9494-08FF929A302C}.Release|Any CPU.Build.0 = Release|Any CPU
		{DEFEB597-55F5-41B1-ACD2-F194C4AB98C6}.Debug|Any CPU.ActiveCfg = Debug|Any CPU
		{DEFEB597-55F5-41B1-ACD2-F194C4AB98C6}.Debug|Any CPU.Build.0 = Debug|Any CPU
		{DEFEB597-55F5-41B1-ACD2-F194C4AB98C6}.Release|Any CPU.ActiveCfg = Release|Any CPU
		{DEFEB597-55F5-41B1-ACD2-F194C4AB98C6}.Release|Any CPU.Build.0 = Release|Any CPU
		{4D3E735D-B216-40FC-BED1-BEAA3A415EDD}.Debug|Any CPU.ActiveCfg = Debug|Any CPU
		{4D3E735D-B216-40FC-BED1-BEAA3A415EDD}.Debug|Any CPU.Build.0 = Debug|Any CPU
		{4D3E735D-B216-40FC-BED1-BEAA3A415EDD}.Release|Any CPU.ActiveCfg = Release|Any CPU
		{4D3E735D-B216-40FC-BED1-BEAA3A415EDD}.Release|Any CPU.Build.0 = Release|Any CPU
		{2732965E-7C1D-4DBD-B8F9-B76B0DEC0CD9}.Debug|Any CPU.ActiveCfg = Debug|Any CPU
		{2732965E-7C1D-4DBD-B8F9-B76B0DEC0CD9}.Debug|Any CPU.Build.0 = Debug|Any CPU
		{2732965E-7C1D-4DBD-B8F9-B76B0DEC0CD9}.Release|Any CPU.ActiveCfg = Release|Any CPU
		{2732965E-7C1D-4DBD-B8F9-B76B0DEC0CD9}.Release|Any CPU.Build.0 = Release|Any CPU
		{AC01E41C-D962-4FD3-AAE7-8EBB993F4181}.Debug|Any CPU.ActiveCfg = Debug|Any CPU
		{AC01E41C-D962-4FD3-AAE7-8EBB993F4181}.Debug|Any CPU.Build.0 = Debug|Any CPU
		{AC01E41C-D962-4FD3-AAE7-8EBB993F4181}.Release|Any CPU.ActiveCfg = Release|Any CPU
		{AC01E41C-D962-4FD3-AAE7-8EBB993F4181}.Release|Any CPU.Build.0 = Release|Any CPU
		{5C45299B-2854-4DAA-A12B-ED98E5697966}.Debug|Any CPU.ActiveCfg = Debug|Any CPU
		{5C45299B-2854-4DAA-A12B-ED98E5697966}.Debug|Any CPU.Build.0 = Debug|Any CPU
		{5C45299B-2854-4DAA-A12B-ED98E5697966}.Release|Any CPU.ActiveCfg = Release|Any CPU
		{5C45299B-2854-4DAA-A12B-ED98E5697966}.Release|Any CPU.Build.0 = Release|Any CPU
		{F01F1FD3-3F49-4416-B69A-A051FE65F754}.Debug|Any CPU.ActiveCfg = Debug|Any CPU
		{F01F1FD3-3F49-4416-B69A-A051FE65F754}.Debug|Any CPU.Build.0 = Debug|Any CPU
		{F01F1FD3-3F49-4416-B69A-A051FE65F754}.Release|Any CPU.ActiveCfg = Release|Any CPU
		{F01F1FD3-3F49-4416-B69A-A051FE65F754}.Release|Any CPU.Build.0 = Release|Any CPU
		{C91AD383-6632-4C06-991C-170614A2BD9C}.Debug|Any CPU.ActiveCfg = Debug|Any CPU
		{C91AD383-6632-4C06-991C-170614A2BD9C}.Debug|Any CPU.Build.0 = Debug|Any CPU
		{C91AD383-6632-4C06-991C-170614A2BD9C}.Release|Any CPU.ActiveCfg = Release|Any CPU
		{C91AD383-6632-4C06-991C-170614A2BD9C}.Release|Any CPU.Build.0 = Release|Any CPU
	EndGlobalSection
	GlobalSection(SolutionProperties) = preSolution
		HideSolutionNode = FALSE
	EndGlobalSection
	GlobalSection(ExtensibilityGlobals) = postSolution
		SolutionGuid = {279AF4F0-DB17-4D2A-ADE8-0DCDA4BBADC6}
	EndGlobalSection
EndGlobal
